// !$*UTF8*$!
{
	archiveVersion = 1;
	classes = {
	};
	objectVersion = 50;
	objects = {

/* Begin PBXBuildFile section */
		CAC4EFD024C1FACC0075E4C8 /* AppDelegate.swift in Sources */ = {isa = PBXBuildFile; fileRef = CAC4EFCF24C1FACC0075E4C8 /* AppDelegate.swift */; };
		CAC4EFD224C1FACC0075E4C8 /* SceneDelegate.swift in Sources */ = {isa = PBXBuildFile; fileRef = CAC4EFD124C1FACC0075E4C8 /* SceneDelegate.swift */; };
		CAC4EFD424C1FACC0075E4C8 /* ConversationsViewController.swift in Sources */ = {isa = PBXBuildFile; fileRef = CAC4EFD324C1FACC0075E4C8 /* ConversationsViewController.swift */; };
		CAC4EFD724C1FACC0075E4C8 /* Main.storyboard in Resources */ = {isa = PBXBuildFile; fileRef = CAC4EFD524C1FACC0075E4C8 /* Main.storyboard */; };
		CAC4EFD924C1FACD0075E4C8 /* Assets.xcassets in Resources */ = {isa = PBXBuildFile; fileRef = CAC4EFD824C1FACD0075E4C8 /* Assets.xcassets */; };
		CAC4EFDC24C1FACD0075E4C8 /* LaunchScreen.storyboard in Resources */ = {isa = PBXBuildFile; fileRef = CAC4EFDA24C1FACD0075E4C8 /* LaunchScreen.storyboard */; };
		CAC4EFEA24C1FDDC0075E4C8 /* LoginViewController.swift in Sources */ = {isa = PBXBuildFile; fileRef = CAC4EFE924C1FDDC0075E4C8 /* LoginViewController.swift */; };
		CAC4EFEC24C1FDF20075E4C8 /* RegisterViewController.swift in Sources */ = {isa = PBXBuildFile; fileRef = CAC4EFEB24C1FDF20075E4C8 /* RegisterViewController.swift */; };
		CAC4EFEE24C1FE330075E4C8 /* PhotoViewerViewController.swift in Sources */ = {isa = PBXBuildFile; fileRef = CAC4EFED24C1FE330075E4C8 /* PhotoViewerViewController.swift */; };
		CAC4EFF024C1FE4D0075E4C8 /* VideoPlayerViewController.swift in Sources */ = {isa = PBXBuildFile; fileRef = CAC4EFEF24C1FE4D0075E4C8 /* VideoPlayerViewController.swift */; };
		CAC4EFF224C1FE7E0075E4C8 /* NewConversationViewController.swift in Sources */ = {isa = PBXBuildFile; fileRef = CAC4EFF124C1FE7E0075E4C8 /* NewConversationViewController.swift */; };
		CAC4EFF424C1FEA40075E4C8 /* ProfileViewController.swift in Sources */ = {isa = PBXBuildFile; fileRef = CAC4EFF324C1FEA40075E4C8 /* ProfileViewController.swift */; };
		CAC4EFF724C207700075E4C8 /* Extensions.swift in Sources */ = {isa = PBXBuildFile; fileRef = CAC4EFF624C207700075E4C8 /* Extensions.swift */; };
/* End PBXBuildFile section */

/* Begin PBXFileReference section */
		CAC4EFCC24C1FACC0075E4C8 /* Messenger.app */ = {isa = PBXFileReference; explicitFileType = wrapper.application; includeInIndex = 0; path = Messenger.app; sourceTree = BUILT_PRODUCTS_DIR; };
		CAC4EFCF24C1FACC0075E4C8 /* AppDelegate.swift */ = {isa = PBXFileReference; lastKnownFileType = sourcecode.swift; path = AppDelegate.swift; sourceTree = "<group>"; };
		CAC4EFD124C1FACC0075E4C8 /* SceneDelegate.swift */ = {isa = PBXFileReference; lastKnownFileType = sourcecode.swift; path = SceneDelegate.swift; sourceTree = "<group>"; };
		CAC4EFD324C1FACC0075E4C8 /* ConversationsViewController.swift */ = {isa = PBXFileReference; lastKnownFileType = sourcecode.swift; path = ConversationsViewController.swift; sourceTree = "<group>"; };
		CAC4EFD624C1FACC0075E4C8 /* Base */ = {isa = PBXFileReference; lastKnownFileType = file.storyboard; name = Base; path = Base.lproj/Main.storyboard; sourceTree = "<group>"; };
		CAC4EFD824C1FACD0075E4C8 /* Assets.xcassets */ = {isa = PBXFileReference; lastKnownFileType = folder.assetcatalog; path = Assets.xcassets; sourceTree = "<group>"; };
		CAC4EFDB24C1FACD0075E4C8 /* Base */ = {isa = PBXFileReference; lastKnownFileType = file.storyboard; name = Base; path = Base.lproj/LaunchScreen.storyboard; sourceTree = "<group>"; };
		CAC4EFDD24C1FACD0075E4C8 /* Info.plist */ = {isa = PBXFileReference; lastKnownFileType = text.plist.xml; path = Info.plist; sourceTree = "<group>"; };
		CAC4EFE924C1FDDC0075E4C8 /* LoginViewController.swift */ = {isa = PBXFileReference; lastKnownFileType = sourcecode.swift; path = LoginViewController.swift; sourceTree = "<group>"; };
		CAC4EFEB24C1FDF20075E4C8 /* RegisterViewController.swift */ = {isa = PBXFileReference; lastKnownFileType = sourcecode.swift; path = RegisterViewController.swift; sourceTree = "<group>"; };
		CAC4EFED24C1FE330075E4C8 /* PhotoViewerViewController.swift */ = {isa = PBXFileReference; lastKnownFileType = sourcecode.swift; path = PhotoViewerViewController.swift; sourceTree = "<group>"; };
		CAC4EFEF24C1FE4D0075E4C8 /* VideoPlayerViewController.swift */ = {isa = PBXFileReference; lastKnownFileType = sourcecode.swift; path = VideoPlayerViewController.swift; sourceTree = "<group>"; };
		CAC4EFF124C1FE7E0075E4C8 /* NewConversationViewController.swift */ = {isa = PBXFileReference; lastKnownFileType = sourcecode.swift; path = NewConversationViewController.swift; sourceTree = "<group>"; };
		CAC4EFF324C1FEA40075E4C8 /* ProfileViewController.swift */ = {isa = PBXFileReference; lastKnownFileType = sourcecode.swift; path = ProfileViewController.swift; sourceTree = "<group>"; };
		CAC4EFF624C207700075E4C8 /* Extensions.swift */ = {isa = PBXFileReference; lastKnownFileType = sourcecode.swift; path = Extensions.swift; sourceTree = "<group>"; };
/* End PBXFileReference section */

/* Begin PBXFrameworksBuildPhase section */
		CAC4EFC924C1FACC0075E4C8 /* Frameworks */ = {
			isa = PBXFrameworksBuildPhase;
			buildActionMask = 2147483647;
			files = (
			);
			runOnlyForDeploymentPostprocessing = 0;
		};
/* End PBXFrameworksBuildPhase section */

/* Begin PBXGroup section */
		CAC4EFC324C1FACC0075E4C8 = {
			isa = PBXGroup;
			children = (
				CAC4EFCE24C1FACC0075E4C8 /* Messenger */,
				CAC4EFCD24C1FACC0075E4C8 /* Products */,
			);
			sourceTree = "<group>";
		};
		CAC4EFCD24C1FACC0075E4C8 /* Products */ = {
			isa = PBXGroup;
			children = (
				CAC4EFCC24C1FACC0075E4C8 /* Messenger.app */,
			);
			name = Products;
			sourceTree = "<group>";
		};
		CAC4EFCE24C1FACC0075E4C8 /* Messenger */ = {
			isa = PBXGroup;
			children = (
				CAC4EFE724C1FC550075E4C8 /* Resources */,
				CAC4EFE624C1FC480075E4C8 /* ViewModels */,
				CAC4EFE524C1FC3D0075E4C8 /* Models */,
				CAC4EFE424C1FC300075E4C8 /* Views */,
				CAC4EFE324C1FC1E0075E4C8 /* Controllers */,
				CAC4EFDD24C1FACD0075E4C8 /* Info.plist */,
			);
			path = Messenger;
			sourceTree = "<group>";
		};
		CAC4EFE324C1FC1E0075E4C8 /* Controllers */ = {
			isa = PBXGroup;
			children = (
				CAC4EFD324C1FACC0075E4C8 /* ConversationsViewController.swift */,
				CAC4EFF524C1FF790075E4C8 /* Auth */,
				CAC4EFED24C1FE330075E4C8 /* PhotoViewerViewController.swift */,
				CAC4EFEF24C1FE4D0075E4C8 /* VideoPlayerViewController.swift */,
				CAC4EFF124C1FE7E0075E4C8 /* NewConversationViewController.swift */,
				CAC4EFF324C1FEA40075E4C8 /* ProfileViewController.swift */,
			);
			path = Controllers;
			sourceTree = "<group>";
		};
		CAC4EFE424C1FC300075E4C8 /* Views */ = {
			isa = PBXGroup;
			children = (
				CAC4EFE824C1FC980075E4C8 /* Storyboards */,
				CAC4EFD824C1FACD0075E4C8 /* Assets.xcassets */,
			);
			path = Views;
			sourceTree = "<group>";
		};
		CAC4EFE524C1FC3D0075E4C8 /* Models */ = {
			isa = PBXGroup;
			children = (
			);
			path = Models;
			sourceTree = "<group>";
		};
		CAC4EFE624C1FC480075E4C8 /* ViewModels */ = {
			isa = PBXGroup;
			children = (
			);
			path = ViewModels;
			sourceTree = "<group>";
		};
		CAC4EFE724C1FC550075E4C8 /* Resources */ = {
			isa = PBXGroup;
			children = (
				CAC4EFCF24C1FACC0075E4C8 /* AppDelegate.swift */,
				CAC4EFD124C1FACC0075E4C8 /* SceneDelegate.swift */,
				CAC4EFF624C207700075E4C8 /* Extensions.swift */,
			);
			path = Resources;
			sourceTree = "<group>";
		};
		CAC4EFE824C1FC980075E4C8 /* Storyboards */ = {
			isa = PBXGroup;
			children = (
				CAC4EFD524C1FACC0075E4C8 /* Main.storyboard */,
				CAC4EFDA24C1FACD0075E4C8 /* LaunchScreen.storyboard */,
			);
			path = Storyboards;
			sourceTree = "<group>";
		};
		CAC4EFF524C1FF790075E4C8 /* Auth */ = {
			isa = PBXGroup;
			children = (
				CAC4EFE924C1FDDC0075E4C8 /* LoginViewController.swift */,
				CAC4EFEB24C1FDF20075E4C8 /* RegisterViewController.swift */,
			);
			path = Auth;
			sourceTree = "<group>";
		};
/* End PBXGroup section */

/* Begin PBXNativeTarget section */
		CAC4EFCB24C1FACC0075E4C8 /* Messenger */ = {
			isa = PBXNativeTarget;
			buildConfigurationList = CAC4EFE024C1FACD0075E4C8 /* Build configuration list for PBXNativeTarget "Messenger" */;
			buildPhases = (
				CAC4EFC824C1FACC0075E4C8 /* Sources */,
				CAC4EFC924C1FACC0075E4C8 /* Frameworks */,
				CAC4EFCA24C1FACC0075E4C8 /* Resources */,
			);
			buildRules = (
			);
			dependencies = (
			);
			name = Messenger;
			productName = Messenger;
			productReference = CAC4EFCC24C1FACC0075E4C8 /* Messenger.app */;
			productType = "com.apple.product-type.application";
		};
/* End PBXNativeTarget section */

/* Begin PBXProject section */
		CAC4EFC424C1FACC0075E4C8 /* Project object */ = {
			isa = PBXProject;
			attributes = {
				LastSwiftUpdateCheck = 1150;
				LastUpgradeCheck = 1150;
				ORGANIZATIONNAME = "Onur Osman Güler";
				TargetAttributes = {
					CAC4EFCB24C1FACC0075E4C8 = {
						CreatedOnToolsVersion = 11.5;
					};
				};
			};
			buildConfigurationList = CAC4EFC724C1FACC0075E4C8 /* Build configuration list for PBXProject "Messenger" */;
			compatibilityVersion = "Xcode 9.3";
			developmentRegion = en;
			hasScannedForEncodings = 0;
			knownRegions = (
				en,
				Base,
			);
			mainGroup = CAC4EFC324C1FACC0075E4C8;
			productRefGroup = CAC4EFCD24C1FACC0075E4C8 /* Products */;
			projectDirPath = "";
			projectRoot = "";
			targets = (
				CAC4EFCB24C1FACC0075E4C8 /* Messenger */,
			);
		};
/* End PBXProject section */

/* Begin PBXResourcesBuildPhase section */
		CAC4EFCA24C1FACC0075E4C8 /* Resources */ = {
			isa = PBXResourcesBuildPhase;
			buildActionMask = 2147483647;
			files = (
				CAC4EFDC24C1FACD0075E4C8 /* LaunchScreen.storyboard in Resources */,
				CAC4EFD924C1FACD0075E4C8 /* Assets.xcassets in Resources */,
				CAC4EFD724C1FACC0075E4C8 /* Main.storyboard in Resources */,
			);
			runOnlyForDeploymentPostprocessing = 0;
		};
/* End PBXResourcesBuildPhase section */

/* Begin PBXSourcesBuildPhase section */
		CAC4EFC824C1FACC0075E4C8 /* Sources */ = {
			isa = PBXSourcesBuildPhase;
			buildActionMask = 2147483647;
			files = (
				CAC4EFEA24C1FDDC0075E4C8 /* LoginViewController.swift in Sources */,
				CAC4EFEC24C1FDF20075E4C8 /* RegisterViewController.swift in Sources */,
				CAC4EFF224C1FE7E0075E4C8 /* NewConversationViewController.swift in Sources */,
				CAC4EFD424C1FACC0075E4C8 /* ConversationsViewController.swift in Sources */,
				CAC4EFF024C1FE4D0075E4C8 /* VideoPlayerViewController.swift in Sources */,
				CAC4EFF724C207700075E4C8 /* Extensions.swift in Sources */,
				CAC4EFD024C1FACC0075E4C8 /* AppDelegate.swift in Sources */,
				CAC4EFF424C1FEA40075E4C8 /* ProfileViewController.swift in Sources */,
				CAC4EFD224C1FACC0075E4C8 /* SceneDelegate.swift in Sources */,
				CAC4EFEE24C1FE330075E4C8 /* PhotoViewerViewController.swift in Sources */,
			);
			runOnlyForDeploymentPostprocessing = 0;
		};
/* End PBXSourcesBuildPhase section */

/* Begin PBXVariantGroup section */
		CAC4EFD524C1FACC0075E4C8 /* Main.storyboard */ = {
			isa = PBXVariantGroup;
			children = (
				CAC4EFD624C1FACC0075E4C8 /* Base */,
			);
			name = Main.storyboard;
			sourceTree = "<group>";
		};
		CAC4EFDA24C1FACD0075E4C8 /* LaunchScreen.storyboard */ = {
			isa = PBXVariantGroup;
			children = (
				CAC4EFDB24C1FACD0075E4C8 /* Base */,
			);
			name = LaunchScreen.storyboard;
			sourceTree = "<group>";
		};
/* End PBXVariantGroup section */

/* Begin XCBuildConfiguration section */
		CAC4EFDE24C1FACD0075E4C8 /* Debug */ = {
			isa = XCBuildConfiguration;
			buildSettings = {
				ALWAYS_SEARCH_USER_PATHS = NO;
				CLANG_ANALYZER_NONNULL = YES;
				CLANG_ANALYZER_NUMBER_OBJECT_CONVERSION = YES_AGGRESSIVE;
				CLANG_CXX_LANGUAGE_STANDARD = "gnu++14";
				CLANG_CXX_LIBRARY = "libc++";
				CLANG_ENABLE_MODULES = YES;
				CLANG_ENABLE_OBJC_ARC = YES;
				CLANG_ENABLE_OBJC_WEAK = YES;
				CLANG_WARN_BLOCK_CAPTURE_AUTORELEASING = YES;
				CLANG_WARN_BOOL_CONVERSION = YES;
				CLANG_WARN_COMMA = YES;
				CLANG_WARN_CONSTANT_CONVERSION = YES;
				CLANG_WARN_DEPRECATED_OBJC_IMPLEMENTATIONS = YES;
				CLANG_WARN_DIRECT_OBJC_ISA_USAGE = YES_ERROR;
				CLANG_WARN_DOCUMENTATION_COMMENTS = YES;
				CLANG_WARN_EMPTY_BODY = YES;
				CLANG_WARN_ENUM_CONVERSION = YES;
				CLANG_WARN_INFINITE_RECURSION = YES;
				CLANG_WARN_INT_CONVERSION = YES;
				CLANG_WARN_NON_LITERAL_NULL_CONVERSION = YES;
				CLANG_WARN_OBJC_IMPLICIT_RETAIN_SELF = YES;
				CLANG_WARN_OBJC_LITERAL_CONVERSION = YES;
				CLANG_WARN_OBJC_ROOT_CLASS = YES_ERROR;
				CLANG_WARN_RANGE_LOOP_ANALYSIS = YES;
				CLANG_WARN_STRICT_PROTOTYPES = YES;
				CLANG_WARN_SUSPICIOUS_MOVE = YES;
				CLANG_WARN_UNGUARDED_AVAILABILITY = YES_AGGRESSIVE;
				CLANG_WARN_UNREACHABLE_CODE = YES;
				CLANG_WARN__DUPLICATE_METHOD_MATCH = YES;
				COPY_PHASE_STRIP = NO;
				DEBUG_INFORMATION_FORMAT = dwarf;
				ENABLE_STRICT_OBJC_MSGSEND = YES;
				ENABLE_TESTABILITY = YES;
				GCC_C_LANGUAGE_STANDARD = gnu11;
				GCC_DYNAMIC_NO_PIC = NO;
				GCC_NO_COMMON_BLOCKS = YES;
				GCC_OPTIMIZATION_LEVEL = 0;
				GCC_PREPROCESSOR_DEFINITIONS = (
					"DEBUG=1",
					"$(inherited)",
				);
				GCC_WARN_64_TO_32_BIT_CONVERSION = YES;
				GCC_WARN_ABOUT_RETURN_TYPE = YES_ERROR;
				GCC_WARN_UNDECLARED_SELECTOR = YES;
				GCC_WARN_UNINITIALIZED_AUTOS = YES_AGGRESSIVE;
				GCC_WARN_UNUSED_FUNCTION = YES;
				GCC_WARN_UNUSED_VARIABLE = YES;
				IPHONEOS_DEPLOYMENT_TARGET = 13.5;
				MTL_ENABLE_DEBUG_INFO = INCLUDE_SOURCE;
				MTL_FAST_MATH = YES;
				ONLY_ACTIVE_ARCH = YES;
				SDKROOT = iphoneos;
				SWIFT_ACTIVE_COMPILATION_CONDITIONS = DEBUG;
				SWIFT_OPTIMIZATION_LEVEL = "-Onone";
			};
			name = Debug;
		};
		CAC4EFDF24C1FACD0075E4C8 /* Release */ = {
			isa = XCBuildConfiguration;
			buildSettings = {
				ALWAYS_SEARCH_USER_PATHS = NO;
				CLANG_ANALYZER_NONNULL = YES;
				CLANG_ANALYZER_NUMBER_OBJECT_CONVERSION = YES_AGGRESSIVE;
				CLANG_CXX_LANGUAGE_STANDARD = "gnu++14";
				CLANG_CXX_LIBRARY = "libc++";
				CLANG_ENABLE_MODULES = YES;
				CLANG_ENABLE_OBJC_ARC = YES;
				CLANG_ENABLE_OBJC_WEAK = YES;
				CLANG_WARN_BLOCK_CAPTURE_AUTORELEASING = YES;
				CLANG_WARN_BOOL_CONVERSION = YES;
				CLANG_WARN_COMMA = YES;
				CLANG_WARN_CONSTANT_CONVERSION = YES;
				CLANG_WARN_DEPRECATED_OBJC_IMPLEMENTATIONS = YES;
				CLANG_WARN_DIRECT_OBJC_ISA_USAGE = YES_ERROR;
				CLANG_WARN_DOCUMENTATION_COMMENTS = YES;
				CLANG_WARN_EMPTY_BODY = YES;
				CLANG_WARN_ENUM_CONVERSION = YES;
				CLANG_WARN_INFINITE_RECURSION = YES;
				CLANG_WARN_INT_CONVERSION = YES;
				CLANG_WARN_NON_LITERAL_NULL_CONVERSION = YES;
				CLANG_WARN_OBJC_IMPLICIT_RETAIN_SELF = YES;
				CLANG_WARN_OBJC_LITERAL_CONVERSION = YES;
				CLANG_WARN_OBJC_ROOT_CLASS = YES_ERROR;
				CLANG_WARN_RANGE_LOOP_ANALYSIS = YES;
				CLANG_WARN_STRICT_PROTOTYPES = YES;
				CLANG_WARN_SUSPICIOUS_MOVE = YES;
				CLANG_WARN_UNGUARDED_AVAILABILITY = YES_AGGRESSIVE;
				CLANG_WARN_UNREACHABLE_CODE = YES;
				CLANG_WARN__DUPLICATE_METHOD_MATCH = YES;
				COPY_PHASE_STRIP = NO;
				DEBUG_INFORMATION_FORMAT = "dwarf-with-dsym";
				ENABLE_NS_ASSERTIONS = NO;
				ENABLE_STRICT_OBJC_MSGSEND = YES;
				GCC_C_LANGUAGE_STANDARD = gnu11;
				GCC_NO_COMMON_BLOCKS = YES;
				GCC_WARN_64_TO_32_BIT_CONVERSION = YES;
				GCC_WARN_ABOUT_RETURN_TYPE = YES_ERROR;
				GCC_WARN_UNDECLARED_SELECTOR = YES;
				GCC_WARN_UNINITIALIZED_AUTOS = YES_AGGRESSIVE;
				GCC_WARN_UNUSED_FUNCTION = YES;
				GCC_WARN_UNUSED_VARIABLE = YES;
				IPHONEOS_DEPLOYMENT_TARGET = 13.5;
				MTL_ENABLE_DEBUG_INFO = NO;
				MTL_FAST_MATH = YES;
				SDKROOT = iphoneos;
				SWIFT_COMPILATION_MODE = wholemodule;
				SWIFT_OPTIMIZATION_LEVEL = "-O";
				VALIDATE_PRODUCT = YES;
			};
			name = Release;
		};
		CAC4EFE124C1FACD0075E4C8 /* Debug */ = {
			isa = XCBuildConfiguration;
			buildSettings = {
				ASSETCATALOG_COMPILER_APPICON_NAME = AppIcon;
				CODE_SIGN_STYLE = Automatic;
				INFOPLIST_FILE = Messenger/Info.plist;
				LD_RUNPATH_SEARCH_PATHS = (
					"$(inherited)",
					"@executable_path/Frameworks",
				);
				PRODUCT_BUNDLE_IDENTIFIER = com.ogsoftware.Messenger;
				PRODUCT_NAME = "$(TARGET_NAME)";
				SWIFT_VERSION = 5.0;
				TARGETED_DEVICE_FAMILY = "1,2";
			};
			name = Debug;
		};
		CAC4EFE224C1FACD0075E4C8 /* Release */ = {
			isa = XCBuildConfiguration;
			buildSettings = {
				ASSETCATALOG_COMPILER_APPICON_NAME = AppIcon;
				CODE_SIGN_STYLE = Automatic;
				INFOPLIST_FILE = Messenger/Info.plist;
				LD_RUNPATH_SEARCH_PATHS = (
					"$(inherited)",
					"@executable_path/Frameworks",
				);
				PRODUCT_BUNDLE_IDENTIFIER = com.ogsoftware.Messenger;
				PRODUCT_NAME = "$(TARGET_NAME)";
				SWIFT_VERSION = 5.0;
				TARGETED_DEVICE_FAMILY = "1,2";
			};
			name = Release;
		};
/* End XCBuildConfiguration section */

/* Begin XCConfigurationList section */
		CAC4EFC724C1FACC0075E4C8 /* Build configuration list for PBXProject "Messenger" */ = {
			isa = XCConfigurationList;
			buildConfigurations = (
				CAC4EFDE24C1FACD0075E4C8 /* Debug */,
				CAC4EFDF24C1FACD0075E4C8 /* Release */,
			);
			defaultConfigurationIsVisible = 0;
			defaultConfigurationName = Release;
		};
		CAC4EFE024C1FACD0075E4C8 /* Build configuration list for PBXNativeTarget "Messenger" */ = {
			isa = XCConfigurationList;
			buildConfigurations = (
				CAC4EFE124C1FACD0075E4C8 /* Debug */,
				CAC4EFE224C1FACD0075E4C8 /* Release */,
			);
			defaultConfigurationIsVisible = 0;
			defaultConfigurationName = Release;
		};
/* End XCConfigurationList section */
	};
	rootObject = CAC4EFC424C1FACC0075E4C8 /* Project object */;
}
